
Microsoft Visual Studio Solution File, Format Version 12.00
# Visual Studio Version 16
VisualStudioVersion = 16.0.34601.136
MinimumVisualStudioVersion = 10.0.40219.1
Project("{FAE04EC0-301F-11D3-BF4B-00C04F79EFBC}") = "wsrvTienditaFeliz", "wsrvTienditaFeliz\wsrvTienditaFeliz.csproj", "{0B33CE50-97FB-4C15-9D9B-783F652C3FF4}"
EndProject
Global
	GlobalSection(SolutionConfigurationPlatforms) = preSolution
		Debug|Any CPU = Debug|Any CPU
		Release|Any CPU = Release|Any CPU
	EndGlobalSection
	GlobalSection(ProjectConfigurationPlatforms) = postSolution
		{0B33CE50-97FB-4C15-9D9B-783F652C3FF4}.Debug|Any CPU.ActiveCfg = Debug|Any CPU
		{0B33CE50-97FB-4C15-9D9B-783F652C3FF4}.Debug|Any CPU.Build.0 = Debug|Any CPU
		{0B33CE50-97FB-4C15-9D9B-783F652C3FF4}.Release|Any CPU.ActiveCfg = Release|Any CPU
		{0B33CE50-97FB-4C15-9D9B-783F652C3FF4}.Release|Any CPU.Build.0 = Release|Any CPU
	EndGlobalSection
	GlobalSection(SolutionProperties) = preSolution
		HideSolutionNode = FALSE
	EndGlobalSection
	GlobalSection(ExtensibilityGlobals) = postSolution
		SolutionGuid = {571D5134-20B1-497D-9E27-9C66277BEC42}
	EndGlobalSection
EndGlobal
